
Microsoft Visual Studio Solution File, Format Version 12.00
# Visual Studio Version 16
VisualStudioVersion = 16.0.30320.27
MinimumVisualStudioVersion = 10.0.40219.1
Project("{FAE04EC0-301F-11D3-BF4B-00C04F79EFBC}") = "StreamExample", "StreamExample.csproj", "{6A31C4BC-D43E-43B3-B639-06CA172F5EE7}"
EndProject
Global
	GlobalSection(SolutionConfigurationPlatforms) = preSolution
		Debug|Any CPU = Debug|Any CPU
		Release|Any CPU = Release|Any CPU
	EndGlobalSection
	GlobalSection(ProjectConfigurationPlatforms) = postSolution
		{6A31C4BC-D43E-43B3-B639-06CA172F5EE7}.Debug|Any CPU.ActiveCfg = Debug|Any CPU
		{6A31C4BC-D43E-43B3-B639-06CA172F5EE7}.Debug|Any CPU.Build.0 = Debug|Any CPU
		{6A31C4BC-D43E-43B3-B639-06CA172F5EE7}.Release|Any CPU.ActiveCfg = Release|Any CPU
		{6A31C4BC-D43E-43B3-B639-06CA172F5EE7}.Release|Any CPU.Build.0 = Release|Any CPU
	EndGlobalSection
	GlobalSection(SolutionProperties) = preSolution
		HideSolutionNode = FALSE
	EndGlobalSection
	GlobalSection(ExtensibilityGlobals) = postSolution
		SolutionGuid = {5690155A-AC77-42B1-9CD9-22B0AD2FB32C}
	EndGlobalSection
EndGlobal
